// !$*UTF8*$!
{
	archiveVersion = 1;
	classes = {
	};
	objectVersion = 50;
	objects = {

/* Begin PBXBuildFile section */
		A16A9B5D24850B4100212C8E /* AppDelegate.swift in Sources */ = {isa = PBXBuildFile; fileRef = A16A9B5C24850B4100212C8E /* AppDelegate.swift */; };
		A16A9B6124850B4100212C8E /* ViewController.swift in Sources */ = {isa = PBXBuildFile; fileRef = A16A9B6024850B4100212C8E /* ViewController.swift */; };
		A16A9B6624850B4200212C8E /* Assets.xcassets in Resources */ = {isa = PBXBuildFile; fileRef = A16A9B6524850B4200212C8E /* Assets.xcassets */; };
		A16A9B6924850B4200212C8E /* LaunchScreen.storyboard in Resources */ = {isa = PBXBuildFile; fileRef = A16A9B6724850B4200212C8E /* LaunchScreen.storyboard */; };
		A16A9B7424850B4200212C8E /* CustomCornerRadiusTests.swift in Sources */ = {isa = PBXBuildFile; fileRef = A16A9B7324850B4200212C8E /* CustomCornerRadiusTests.swift */; };
		A16A9B7F24850B4200212C8E /* CustomCornerRadiusUITests.swift in Sources */ = {isa = PBXBuildFile; fileRef = A16A9B7E24850B4200212C8E /* CustomCornerRadiusUITests.swift */; };
/* End PBXBuildFile section */

/* Begin PBXContainerItemProxy section */
		A16A9B7024850B4200212C8E /* PBXContainerItemProxy */ = {
			isa = PBXContainerItemProxy;
			containerPortal = A16A9B5124850B4100212C8E /* Project object */;
			proxyType = 1;
			remoteGlobalIDString = A16A9B5824850B4100212C8E;
			remoteInfo = CustomCornerRadius;
		};
		A16A9B7B24850B4200212C8E /* PBXContainerItemProxy */ = {
			isa = PBXContainerItemProxy;
			containerPortal = A16A9B5124850B4100212C8E /* Project object */;
			proxyType = 1;
			remoteGlobalIDString = A16A9B5824850B4100212C8E;
			remoteInfo = CustomCornerRadius;
		};
/* End PBXContainerItemProxy section */

/* Begin PBXFileReference section */
		A16A9B5924850B4100212C8E /* CustomCornerRadius.app */ = {isa = PBXFileReference; explicitFileType = wrapper.application; includeInIndex = 0; path = CustomCornerRadius.app; sourceTree = BUILT_PRODUCTS_DIR; };
		A16A9B5C24850B4100212C8E /* AppDelegate.swift */ = {isa = PBXFileReference; lastKnownFileType = sourcecode.swift; path = AppDelegate.swift; sourceTree = "<group>"; };
		A16A9B6024850B4100212C8E /* ViewController.swift */ = {isa = PBXFileReference; lastKnownFileType = sourcecode.swift; path = ViewController.swift; sourceTree = "<group>"; };
		A16A9B6524850B4200212C8E /* Assets.xcassets */ = {isa = PBXFileReference; lastKnownFileType = folder.assetcatalog; path = Assets.xcassets; sourceTree = "<group>"; };
		A16A9B6824850B4200212C8E /* Base */ = {isa = PBXFileReference; lastKnownFileType = file.storyboard; name = Base; path = Base.lproj/LaunchScreen.storyboard; sourceTree = "<group>"; };
		A16A9B6A24850B4200212C8E /* Info.plist */ = {isa = PBXFileReference; lastKnownFileType = text.plist.xml; path = Info.plist; sourceTree = "<group>"; };
		A16A9B6F24850B4200212C8E /* CustomCornerRadiusTests.xctest */ = {isa = PBXFileReference; explicitFileType = wrapper.cfbundle; includeInIndex = 0; path = CustomCornerRadiusTests.xctest; sourceTree = BUILT_PRODUCTS_DIR; };
		A16A9B7324850B4200212C8E /* CustomCornerRadiusTests.swift */ = {isa = PBXFileReference; lastKnownFileType = sourcecode.swift; path = CustomCornerRadiusTests.swift; sourceTree = "<group>"; };
		A16A9B7524850B4200212C8E /* Info.plist */ = {isa = PBXFileReference; lastKnownFileType = text.plist.xml; path = Info.plist; sourceTree = "<group>"; };
		A16A9B7A24850B4200212C8E /* CustomCornerRadiusUITests.xctest */ = {isa = PBXFileReference; explicitFileType = wrapper.cfbundle; includeInIndex = 0; path = CustomCornerRadiusUITests.xctest; sourceTree = BUILT_PRODUCTS_DIR; };
		A16A9B7E24850B4200212C8E /* CustomCornerRadiusUITests.swift */ = {isa = PBXFileReference; lastKnownFileType = sourcecode.swift; path = CustomCornerRadiusUITests.swift; sourceTree = "<group>"; };
		A16A9B8024850B4200212C8E /* Info.plist */ = {isa = PBXFileReference; lastKnownFileType = text.plist.xml; path = Info.plist; sourceTree = "<group>"; };
/* End PBXFileReference section */

/* Begin PBXFrameworksBuildPhase section */
		A16A9B5624850B4100212C8E /* Frameworks */ = {
			isa = PBXFrameworksBuildPhase;
			buildActionMask = 2147483647;
			files = (
			);
			runOnlyForDeploymentPostprocessing = 0;
		};
		A16A9B6C24850B4200212C8E /* Frameworks */ = {
			isa = PBXFrameworksBuildPhase;
			buildActionMask = 2147483647;
			files = (
			);
			runOnlyForDeploymentPostprocessing = 0;
		};
		A16A9B7724850B4200212C8E /* Frameworks */ = {
			isa = PBXFrameworksBuildPhase;
			buildActionMask = 2147483647;
			files = (
			);
			runOnlyForDeploymentPostprocessing = 0;
		};
/* End PBXFrameworksBuildPhase section */

/* Begin PBXGroup section */
		A16A9B5024850B4100212C8E = {
			isa = PBXGroup;
			children = (
				A16A9B5B24850B4100212C8E /* CustomCornerRadius */,
				A16A9B7224850B4200212C8E /* CustomCornerRadiusTests */,
				A16A9B7D24850B4200212C8E /* CustomCornerRadiusUITests */,
				A16A9B5A24850B4100212C8E /* Products */,
			);
			sourceTree = "<group>";
		};
		A16A9B5A24850B4100212C8E /* Products */ = {
			isa = PBXGroup;
			children = (
				A16A9B5924850B4100212C8E /* CustomCornerRadius.app */,
				A16A9B6F24850B4200212C8E /* CustomCornerRadiusTests.xctest */,
				A16A9B7A24850B4200212C8E /* CustomCornerRadiusUITests.xctest */,
			);
			name = Products;
			sourceTree = "<group>";
		};
		A16A9B5B24850B4100212C8E /* CustomCornerRadius */ = {
			isa = PBXGroup;
			children = (
				A16A9B5C24850B4100212C8E /* AppDelegate.swift */,
				A16A9B6024850B4100212C8E /* ViewController.swift */,
				A16A9B6524850B4200212C8E /* Assets.xcassets */,
				A16A9B6724850B4200212C8E /* LaunchScreen.storyboard */,
				A16A9B6A24850B4200212C8E /* Info.plist */,
			);
			path = CustomCornerRadius;
			sourceTree = "<group>";
		};
		A16A9B7224850B4200212C8E /* CustomCornerRadiusTests */ = {
			isa = PBXGroup;
			children = (
				A16A9B7324850B4200212C8E /* CustomCornerRadiusTests.swift */,
				A16A9B7524850B4200212C8E /* Info.plist */,
			);
			path = CustomCornerRadiusTests;
			sourceTree = "<group>";
		};
		A16A9B7D24850B4200212C8E /* CustomCornerRadiusUITests */ = {
			isa = PBXGroup;
			children = (
				A16A9B7E24850B4200212C8E /* CustomCornerRadiusUITests.swift */,
				A16A9B8024850B4200212C8E /* Info.plist */,
			);
			path = CustomCornerRadiusUITests;
			sourceTree = "<group>";
		};
/* End PBXGroup section */

/* Begin PBXNativeTarget section */
		A16A9B5824850B4100212C8E /* CustomCornerRadius */ = {
			isa = PBXNativeTarget;
			buildConfigurationList = A16A9B8324850B4200212C8E /* Build configuration list for PBXNativeTarget "CustomCornerRadius" */;
			buildPhases = (
				A16A9B5524850B4100212C8E /* Sources */,
				A16A9B5624850B4100212C8E /* Frameworks */,
				A16A9B5724850B4100212C8E /* Resources */,
			);
			buildRules = (
			);
			dependencies = (
			);
			name = CustomCornerRadius;
			productName = CustomCornerRadius;
			productReference = A16A9B5924850B4100212C8E /* CustomCornerRadius.app */;
			productType = "com.apple.product-type.application";
		};
		A16A9B6E24850B4200212C8E /* CustomCornerRadiusTests */ = {
			isa = PBXNativeTarget;
			buildConfigurationList = A16A9B8624850B4200212C8E /* Build configuration list for PBXNativeTarget "CustomCornerRadiusTests" */;
			buildPhases = (
				A16A9B6B24850B4200212C8E /* Sources */,
				A16A9B6C24850B4200212C8E /* Frameworks */,
				A16A9B6D24850B4200212C8E /* Resources */,
			);
			buildRules = (
			);
			dependencies = (
				A16A9B7124850B4200212C8E /* PBXTargetDependency */,
			);
			name = CustomCornerRadiusTests;
			productName = CustomCornerRadiusTests;
			productReference = A16A9B6F24850B4200212C8E /* CustomCornerRadiusTests.xctest */;
			productType = "com.apple.product-type.bundle.unit-test";
		};
		A16A9B7924850B4200212C8E /* CustomCornerRadiusUITests */ = {
			isa = PBXNativeTarget;
			buildConfigurationList = A16A9B8924850B4200212C8E /* Build configuration list for PBXNativeTarget "CustomCornerRadiusUITests" */;
			buildPhases = (
				A16A9B7624850B4200212C8E /* Sources */,
				A16A9B7724850B4200212C8E /* Frameworks */,
				A16A9B7824850B4200212C8E /* Resources */,
			);
			buildRules = (
			);
			dependencies = (
				A16A9B7C24850B4200212C8E /* PBXTargetDependency */,
			);
			name = CustomCornerRadiusUITests;
			productName = CustomCornerRadiusUITests;
			productReference = A16A9B7A24850B4200212C8E /* CustomCornerRadiusUITests.xctest */;
			productType = "com.apple.product-type.bundle.ui-testing";
		};
/* End PBXNativeTarget section */

/* Begin PBXProject section */
		A16A9B5124850B4100212C8E /* Project object */ = {
			isa = PBXProject;
			attributes = {
				LastSwiftUpdateCheck = 1150;
				LastUpgradeCheck = 1150;
				ORGANIZATIONNAME = "한선수";
				TargetAttributes = {
					A16A9B5824850B4100212C8E = {
						CreatedOnToolsVersion = 11.5;
					};
					A16A9B6E24850B4200212C8E = {
						CreatedOnToolsVersion = 11.5;
						TestTargetID = A16A9B5824850B4100212C8E;
					};
					A16A9B7924850B4200212C8E = {
						CreatedOnToolsVersion = 11.5;
						TestTargetID = A16A9B5824850B4100212C8E;
					};
				};
			};
			buildConfigurationList = A16A9B5424850B4100212C8E /* Build configuration list for PBXProject "CustomCornerRadius" */;
			compatibilityVersion = "Xcode 9.3";
			developmentRegion = en;
			hasScannedForEncodings = 0;
			knownRegions = (
				en,
				Base,
			);
			mainGroup = A16A9B5024850B4100212C8E;
			productRefGroup = A16A9B5A24850B4100212C8E /* Products */;
			projectDirPath = "";
			projectRoot = "";
			targets = (
				A16A9B5824850B4100212C8E /* CustomCornerRadius */,
				A16A9B6E24850B4200212C8E /* CustomCornerRadiusTests */,
				A16A9B7924850B4200212C8E /* CustomCornerRadiusUITests */,
			);
		};
/* End PBXProject section */

/* Begin PBXResourcesBuildPhase section */
		A16A9B5724850B4100212C8E /* Resources */ = {
			isa = PBXResourcesBuildPhase;
			buildActionMask = 2147483647;
			files = (
				A16A9B6924850B4200212C8E /* LaunchScreen.storyboard in Resources */,
				A16A9B6624850B4200212C8E /* Assets.xcassets in Resources */,
			);
			runOnlyForDeploymentPostprocessing = 0;
		};
		A16A9B6D24850B4200212C8E /* Resources */ = {
			isa = PBXResourcesBuildPhase;
			buildActionMask = 2147483647;
			files = (
			);
			runOnlyForDeploymentPostprocessing = 0;
		};
		A16A9B7824850B4200212C8E /* Resources */ = {
			isa = PBXResourcesBuildPhase;
			buildActionMask = 2147483647;
			files = (
			);
			runOnlyForDeploymentPostprocessing = 0;
		};
/* End PBXResourcesBuildPhase section */

/* Begin PBXSourcesBuildPhase section */
		A16A9B5524850B4100212C8E /* Sources */ = {
			isa = PBXSourcesBuildPhase;
			buildActionMask = 2147483647;
			files = (
				A16A9B6124850B4100212C8E /* ViewController.swift in Sources */,
				A16A9B5D24850B4100212C8E /* AppDelegate.swift in Sources */,
			);
			runOnlyForDeploymentPostprocessing = 0;
		};
		A16A9B6B24850B4200212C8E /* Sources */ = {
			isa = PBXSourcesBuildPhase;
			buildActionMask = 2147483647;
			files = (
				A16A9B7424850B4200212C8E /* CustomCornerRadiusTests.swift in Sources */,
			);
			runOnlyForDeploymentPostprocessing = 0;
		};
		A16A9B7624850B4200212C8E /* Sources */ = {
			isa = PBXSourcesBuildPhase;
			buildActionMask = 2147483647;
			files = (
				A16A9B7F24850B4200212C8E /* CustomCornerRadiusUITests.swift in Sources */,
			);
			runOnlyForDeploymentPostprocessing = 0;
		};
/* End PBXSourcesBuildPhase section */

/* Begin PBXTargetDependency section */
		A16A9B7124850B4200212C8E /* PBXTargetDependency */ = {
			isa = PBXTargetDependency;
			target = A16A9B5824850B4100212C8E /* CustomCornerRadius */;
			targetProxy = A16A9B7024850B4200212C8E /* PBXContainerItemProxy */;
		};
		A16A9B7C24850B4200212C8E /* PBXTargetDependency */ = {
			isa = PBXTargetDependency;
			target = A16A9B5824850B4100212C8E /* CustomCornerRadius */;
			targetProxy = A16A9B7B24850B4200212C8E /* PBXContainerItemProxy */;
		};
/* End PBXTargetDependency section */

/* Begin PBXVariantGroup section */
		A16A9B6724850B4200212C8E /* LaunchScreen.storyboard */ = {
			isa = PBXVariantGroup;
			children = (
				A16A9B6824850B4200212C8E /* Base */,
			);
			name = LaunchScreen.storyboard;
			sourceTree = "<group>";
		};
/* End PBXVariantGroup section */

/* Begin XCBuildConfiguration section */
		A16A9B8124850B4200212C8E /* Debug */ = {
			isa = XCBuildConfiguration;
			buildSettings = {
				ALWAYS_SEARCH_USER_PATHS = NO;
				CLANG_ANALYZER_NONNULL = YES;
				CLANG_ANALYZER_NUMBER_OBJECT_CONVERSION = YES_AGGRESSIVE;
				CLANG_CXX_LANGUAGE_STANDARD = "gnu++14";
				CLANG_CXX_LIBRARY = "libc++";
				CLANG_ENABLE_MODULES = YES;
				CLANG_ENABLE_OBJC_ARC = YES;
				CLANG_ENABLE_OBJC_WEAK = YES;
				CLANG_WARN_BLOCK_CAPTURE_AUTORELEASING = YES;
				CLANG_WARN_BOOL_CONVERSION = YES;
				CLANG_WARN_COMMA = YES;
				CLANG_WARN_CONSTANT_CONVERSION = YES;
				CLANG_WARN_DEPRECATED_OBJC_IMPLEMENTATIONS = YES;
				CLANG_WARN_DIRECT_OBJC_ISA_USAGE = YES_ERROR;
				CLANG_WARN_DOCUMENTATION_COMMENTS = YES;
				CLANG_WARN_EMPTY_BODY = YES;
				CLANG_WARN_ENUM_CONVERSION = YES;
				CLANG_WARN_INFINITE_RECURSION = YES;
				CLANG_WARN_INT_CONVERSION = YES;
				CLANG_WARN_NON_LITERAL_NULL_CONVERSION = YES;
				CLANG_WARN_OBJC_IMPLICIT_RETAIN_SELF = YES;
				CLANG_WARN_OBJC_LITERAL_CONVERSION = YES;
				CLANG_WARN_OBJC_ROOT_CLASS = YES_ERROR;
				CLANG_WARN_RANGE_LOOP_ANALYSIS = YES;
				CLANG_WARN_STRICT_PROTOTYPES = YES;
				CLANG_WARN_SUSPICIOUS_MOVE = YES;
				CLANG_WARN_UNGUARDED_AVAILABILITY = YES_AGGRESSIVE;
				CLANG_WARN_UNREACHABLE_CODE = YES;
				CLANG_WARN__DUPLICATE_METHOD_MATCH = YES;
				COPY_PHASE_STRIP = NO;
				DEBUG_INFORMATION_FORMAT = dwarf;
				ENABLE_STRICT_OBJC_MSGSEND = YES;
				ENABLE_TESTABILITY = YES;
				GCC_C_LANGUAGE_STANDARD = gnu11;
				GCC_DYNAMIC_NO_PIC = NO;
				GCC_NO_COMMON_BLOCKS = YES;
				GCC_OPTIMIZATION_LEVEL = 0;
				GCC_PREPROCESSOR_DEFINITIONS = (
					"DEBUG=1",
					"$(inherited)",
				);
				GCC_WARN_64_TO_32_BIT_CONVERSION = YES;
				GCC_WARN_ABOUT_RETURN_TYPE = YES_ERROR;
				GCC_WARN_UNDECLARED_SELECTOR = YES;
				GCC_WARN_UNINITIALIZED_AUTOS = YES_AGGRESSIVE;
				GCC_WARN_UNUSED_FUNCTION = YES;
				GCC_WARN_UNUSED_VARIABLE = YES;
				IPHONEOS_DEPLOYMENT_TARGET = 13.5;
				MTL_ENABLE_DEBUG_INFO = INCLUDE_SOURCE;
				MTL_FAST_MATH = YES;
				ONLY_ACTIVE_ARCH = YES;
				SDKROOT = iphoneos;
				SWIFT_ACTIVE_COMPILATION_CONDITIONS = DEBUG;
				SWIFT_OPTIMIZATION_LEVEL = "-Onone";
			};
			name = Debug;
		};
		A16A9B8224850B4200212C8E /* Release */ = {
			isa = XCBuildConfiguration;
			buildSettings = {
				ALWAYS_SEARCH_USER_PATHS = NO;
				CLANG_ANALYZER_NONNULL = YES;
				CLANG_ANALYZER_NUMBER_OBJECT_CONVERSION = YES_AGGRESSIVE;
				CLANG_CXX_LANGUAGE_STANDARD = "gnu++14";
				CLANG_CXX_LIBRARY = "libc++";
				CLANG_ENABLE_MODULES = YES;
				CLANG_ENABLE_OBJC_ARC = YES;
				CLANG_ENABLE_OBJC_WEAK = YES;
				CLANG_WARN_BLOCK_CAPTURE_AUTORELEASING = YES;
				CLANG_WARN_BOOL_CONVERSION = YES;
				CLANG_WARN_COMMA = YES;
				CLANG_WARN_CONSTANT_CONVERSION = YES;
				CLANG_WARN_DEPRECATED_OBJC_IMPLEMENTATIONS = YES;
				CLANG_WARN_DIRECT_OBJC_ISA_USAGE = YES_ERROR;
				CLANG_WARN_DOCUMENTATION_COMMENTS = YES;
				CLANG_WARN_EMPTY_BODY = YES;
				CLANG_WARN_ENUM_CONVERSION = YES;
				CLANG_WARN_INFINITE_RECURSION = YES;
				CLANG_WARN_INT_CONVERSION = YES;
				CLANG_WARN_NON_LITERAL_NULL_CONVERSION = YES;
				CLANG_WARN_OBJC_IMPLICIT_RETAIN_SELF = YES;
				CLANG_WARN_OBJC_LITERAL_CONVERSION = YES;
				CLANG_WARN_OBJC_ROOT_CLASS = YES_ERROR;
				CLANG_WARN_RANGE_LOOP_ANALYSIS = YES;
				CLANG_WARN_STRICT_PROTOTYPES = YES;
				CLANG_WARN_SUSPICIOUS_MOVE = YES;
				CLANG_WARN_UNGUARDED_AVAILABILITY = YES_AGGRESSIVE;
				CLANG_WARN_UNREACHABLE_CODE = YES;
				CLANG_WARN__DUPLICATE_METHOD_MATCH = YES;
				COPY_PHASE_STRIP = NO;
				DEBUG_INFORMATION_FORMAT = "dwarf-with-dsym";
				ENABLE_NS_ASSERTIONS = NO;
				ENABLE_STRICT_OBJC_MSGSEND = YES;
				GCC_C_LANGUAGE_STANDARD = gnu11;
				GCC_NO_COMMON_BLOCKS = YES;
				GCC_WARN_64_TO_32_BIT_CONVERSION = YES;
				GCC_WARN_ABOUT_RETURN_TYPE = YES_ERROR;
				GCC_WARN_UNDECLARED_SELECTOR = YES;
				GCC_WARN_UNINITIALIZED_AUTOS = YES_AGGRESSIVE;
				GCC_WARN_UNUSED_FUNCTION = YES;
				GCC_WARN_UNUSED_VARIABLE = YES;
				IPHONEOS_DEPLOYMENT_TARGET = 13.5;
				MTL_ENABLE_DEBUG_INFO = NO;
				MTL_FAST_MATH = YES;
				SDKROOT = iphoneos;
				SWIFT_COMPILATION_MODE = wholemodule;
				SWIFT_OPTIMIZATION_LEVEL = "-O";
				VALIDATE_PRODUCT = YES;
			};
			name = Release;
		};
		A16A9B8424850B4200212C8E /* Debug */ = {
			isa = XCBuildConfiguration;
			buildSettings = {
				ASSETCATALOG_COMPILER_APPICON_NAME = AppIcon;
				CODE_SIGN_STYLE = Automatic;
				DEVELOPMENT_TEAM = S6DQ9A36X5;
				INFOPLIST_FILE = CustomCornerRadius/Info.plist;
				LD_RUNPATH_SEARCH_PATHS = (
					"$(inherited)",
					"@executable_path/Frameworks",
				);
				PRODUCT_BUNDLE_IDENTIFIER = com.mymac.CustomCornerRadius;
				PRODUCT_NAME = "$(TARGET_NAME)";
				SWIFT_VERSION = 5.0;
				TARGETED_DEVICE_FAMILY = "1,2";
			};
			name = Debug;
		};
		A16A9B8524850B4200212C8E /* Release */ = {
			isa = XCBuildConfiguration;
			buildSettings = {
				ASSETCATALOG_COMPILER_APPICON_NAME = AppIcon;
				CODE_SIGN_STYLE = Automatic;
				DEVELOPMENT_TEAM = S6DQ9A36X5;
				INFOPLIST_FILE = CustomCornerRadius/Info.plist;
				LD_RUNPATH_SEARCH_PATHS = (
					"$(inherited)",
					"@executable_path/Frameworks",
				);
				PRODUCT_BUNDLE_IDENTIFIER = com.mymac.CustomCornerRadius;
				PRODUCT_NAME = "$(TARGET_NAME)";
				SWIFT_VERSION = 5.0;
				TARGETED_DEVICE_FAMILY = "1,2";
			};
			name = Release;
		};
		A16A9B8724850B4200212C8E /* Debug */ = {
			isa = XCBuildConfiguration;
			buildSettings = {
				ALWAYS_EMBED_SWIFT_STANDARD_LIBRARIES = YES;
				BUNDLE_LOADER = "$(TEST_HOST)";
				CODE_SIGN_STYLE = Automatic;
				DEVELOPMENT_TEAM = S6DQ9A36X5;
				INFOPLIST_FILE = CustomCornerRadiusTests/Info.plist;
				IPHONEOS_DEPLOYMENT_TARGET = 13.5;
				LD_RUNPATH_SEARCH_PATHS = (
					"$(inherited)",
					"@executable_path/Frameworks",
					"@loader_path/Frameworks",
				);
				PRODUCT_BUNDLE_IDENTIFIER = com.mymac.CustomCornerRadiusTests;
				PRODUCT_NAME = "$(TARGET_NAME)";
				SWIFT_VERSION = 5.0;
				TARGETED_DEVICE_FAMILY = "1,2";
				TEST_HOST = "$(BUILT_PRODUCTS_DIR)/CustomCornerRadius.app/CustomCornerRadius";
			};
			name = Debug;
		};
		A16A9B8824850B4200212C8E /* Release */ = {
			isa = XCBuildConfiguration;
			buildSettings = {
				ALWAYS_EMBED_SWIFT_STANDARD_LIBRARIES = YES;
				BUNDLE_LOADER = "$(TEST_HOST)";
				CODE_SIGN_STYLE = Automatic;
				DEVELOPMENT_TEAM = S6DQ9A36X5;
				INFOPLIST_FILE = CustomCornerRadiusTests/Info.plist;
				IPHONEOS_DEPLOYMENT_TARGET = 13.5;
				LD_RUNPATH_SEARCH_PATHS = (
					"$(inherited)",
					"@executable_path/Frameworks",
					"@loader_path/Frameworks",
				);
				PRODUCT_BUNDLE_IDENTIFIER = com.mymac.CustomCornerRadiusTests;
				PRODUCT_NAME = "$(TARGET_NAME)";
				SWIFT_VERSION = 5.0;
				TARGETED_DEVICE_FAMILY = "1,2";
				TEST_HOST = "$(BUILT_PRODUCTS_DIR)/CustomCornerRadius.app/CustomCornerRadius";
			};
			name = Release;
		};
		A16A9B8A24850B4200212C8E /* Debug */ = {
			isa = XCBuildConfiguration;
			buildSettings = {
				ALWAYS_EMBED_SWIFT_STANDARD_LIBRARIES = YES;
				CODE_SIGN_STYLE = Automatic;
				DEVELOPMENT_TEAM = S6DQ9A36X5;
				INFOPLIST_FILE = CustomCornerRadiusUITests/Info.plist;
				LD_RUNPATH_SEARCH_PATHS = (
					"$(inherited)",
					"@executable_path/Frameworks",
					"@loader_path/Frameworks",
				);
				PRODUCT_BUNDLE_IDENTIFIER = com.mymac.CustomCornerRadiusUITests;
				PRODUCT_NAME = "$(TARGET_NAME)";
				SWIFT_VERSION = 5.0;
				TARGETED_DEVICE_FAMILY = "1,2";
				TEST_TARGET_NAME = CustomCornerRadius;
			};
			name = Debug;
		};
		A16A9B8B24850B4200212C8E /* Release */ = {
			isa = XCBuildConfiguration;
			buildSettings = {
				ALWAYS_EMBED_SWIFT_STANDARD_LIBRARIES = YES;
				CODE_SIGN_STYLE = Automatic;
				DEVELOPMENT_TEAM = S6DQ9A36X5;
				INFOPLIST_FILE = CustomCornerRadiusUITests/Info.plist;
				LD_RUNPATH_SEARCH_PATHS = (
					"$(inherited)",
					"@executable_path/Frameworks",
					"@loader_path/Frameworks",
				);
				PRODUCT_BUNDLE_IDENTIFIER = com.mymac.CustomCornerRadiusUITests;
				PRODUCT_NAME = "$(TARGET_NAME)";
				SWIFT_VERSION = 5.0;
				TARGETED_DEVICE_FAMILY = "1,2";
				TEST_TARGET_NAME = CustomCornerRadius;
			};
			name = Release;
		};
/* End XCBuildConfiguration section */

/* Begin XCConfigurationList section */
		A16A9B5424850B4100212C8E /* Build configuration list for PBXProject "CustomCornerRadius" */ = {
			isa = XCConfigurationList;
			buildConfigurations = (
				A16A9B8124850B4200212C8E /* Debug */,
				A16A9B8224850B4200212C8E /* Release */,
			);
			defaultConfigurationIsVisible = 0;
			defaultConfigurationName = Release;
		};
		A16A9B8324850B4200212C8E /* Build configuration list for PBXNativeTarget "CustomCornerRadius" */ = {
			isa = XCConfigurationList;
			buildConfigurations = (
				A16A9B8424850B4200212C8E /* Debug */,
				A16A9B8524850B4200212C8E /* Release */,
			);
			defaultConfigurationIsVisible = 0;
			defaultConfigurationName = Release;
		};
		A16A9B8624850B4200212C8E /* Build configuration list for PBXNativeTarget "CustomCornerRadiusTests" */ = {
			isa = XCConfigurationList;
			buildConfigurations = (
				A16A9B8724850B4200212C8E /* Debug */,
				A16A9B8824850B4200212C8E /* Release */,
			);
			defaultConfigurationIsVisible = 0;
			defaultConfigurationName = Release;
		};
		A16A9B8924850B4200212C8E /* Build configuration list for PBXNativeTarget "CustomCornerRadiusUITests" */ = {
			isa = XCConfigurationList;
			buildConfigurations = (
				A16A9B8A24850B4200212C8E /* Debug */,
				A16A9B8B24850B4200212C8E /* Release */,
			);
			defaultConfigurationIsVisible = 0;
			defaultConfigurationName = Release;
		};
/* End XCConfigurationList section */
	};
	rootObject = A16A9B5124850B4100212C8E /* Project object */;
}
